// !$*UTF8*$!
{
	archiveVersion = 1;
	classes = {
	};
	objectVersion = 50;
	objects = {

/* Begin PBXBuildFile section */
		8005C12C228996E30071A344 /* IntentHandler.swift in Sources */ = {isa = PBXBuildFile; fileRef = 8005C12B228996E30071A344 /* IntentHandler.swift */; };
		8005C133228996E40071A344 /* IntentsUI.framework in Frameworks */ = {isa = PBXBuildFile; fileRef = 802DEF962289633800989E30 /* IntentsUI.framework */; };
		8005C136228996E40071A344 /* IntentViewController.swift in Sources */ = {isa = PBXBuildFile; fileRef = 8005C135228996E40071A344 /* IntentViewController.swift */; };
		8005C139228996E40071A344 /* MainInterface.storyboard in Resources */ = {isa = PBXBuildFile; fileRef = 8005C137228996E40071A344 /* MainInterface.storyboard */; };
		8005C13D228996E40071A344 /* SoupUI.appex in Embed App Extensions */ = {isa = PBXBuildFile; fileRef = 8005C132228996E40071A344 /* SoupUI.appex */; settings = {ATTRIBUTES = (RemoveHeadersOnCopy, ); }; };
		8005C140228996E40071A344 /* Soup.appex in Embed App Extensions */ = {isa = PBXBuildFile; fileRef = 8005C129228996E30071A344 /* Soup.appex */; settings = {ATTRIBUTES = (RemoveHeadersOnCopy, ); }; };
		8005C177228AA9C60071A344 /* ShortcutsViewController.swift in Sources */ = {isa = PBXBuildFile; fileRef = 8005C169228AA9C60071A344 /* ShortcutsViewController.swift */; };
		8005C18C228AB7740071A344 /* Intents.intentdefinition in Sources */ = {isa = PBXBuildFile; fileRef = 8005C18B228AB7740071A344 /* Intents.intentdefinition */; };
		8005C18E228AB8B90071A344 /* ShortcutsViewController.xib in Resources */ = {isa = PBXBuildFile; fileRef = 8005C18D228AB8B90071A344 /* ShortcutsViewController.xib */; };
		8005C190228ABC540071A344 /* Soup.png in Resources */ = {isa = PBXBuildFile; fileRef = 8005C18F228ABC530071A344 /* Soup.png */; };
		8005C191228AC0660071A344 /* Intents.intentdefinition in Sources */ = {isa = PBXBuildFile; fileRef = 8005C18B228AB7740071A344 /* Intents.intentdefinition */; };
		8005C192228AC0670071A344 /* Intents.intentdefinition in Sources */ = {isa = PBXBuildFile; fileRef = 8005C18B228AB7740071A344 /* Intents.intentdefinition */; };
		80186D93227F0A4F00B27198 /* UserNotifications.framework in Frameworks */ = {isa = PBXBuildFile; fileRef = 80186D92227F0A4F00B27198 /* UserNotifications.framework */; };
		80186D95227F0A4F00B27198 /* UserNotificationsUI.framework in Frameworks */ = {isa = PBXBuildFile; fileRef = 80186D94227F0A4F00B27198 /* UserNotificationsUI.framework */; };
		80186D98227F0A4F00B27198 /* NotificationViewController.swift in Sources */ = {isa = PBXBuildFile; fileRef = 80186D97227F0A4F00B27198 /* NotificationViewController.swift */; };
		80186D9B227F0A4F00B27198 /* MainInterface.storyboard in Resources */ = {isa = PBXBuildFile; fileRef = 80186D99227F0A4F00B27198 /* MainInterface.storyboard */; };
		80186D9F227F0A4F00B27198 /* NotificationContentExtension.appex in Embed App Extensions */ = {isa = PBXBuildFile; fileRef = 80186D90227F0A4F00B27198 /* NotificationContentExtension.appex */; settings = {ATTRIBUTES = (RemoveHeadersOnCopy, ); }; };
		80186DA5227F0B1C00B27198 /* CustomNotificationUIViewController.swift in Sources */ = {isa = PBXBuildFile; fileRef = 80186DA4227F0B1C00B27198 /* CustomNotificationUIViewController.swift */; };
		80186DA7227F0B3D00B27198 /* CustomNotificationUIViewController.xib in Resources */ = {isa = PBXBuildFile; fileRef = 80186DA6227F0B3D00B27198 /* CustomNotificationUIViewController.xib */; };
		80186DA9227FDB7B00B27198 /* local_notification_img.png in Resources */ = {isa = PBXBuildFile; fileRef = 80186DA8227FDB7B00B27198 /* local_notification_img.png */; };
		80186DAB2280070700B27198 /* animation_bgm.mp3 in Resources */ = {isa = PBXBuildFile; fileRef = 80186DAA2280070700B27198 /* animation_bgm.mp3 */; };
		80186DB022800AB400B27198 /* attachment.png in Resources */ = {isa = PBXBuildFile; fileRef = 80186DAF22800AB300B27198 /* attachment.png */; };
		80186DB122800AB400B27198 /* attachment.png in Resources */ = {isa = PBXBuildFile; fileRef = 80186DAF22800AB300B27198 /* attachment.png */; };
		80186E2822819CA500B27198 /* NetworkManager.swift in Sources */ = {isa = PBXBuildFile; fileRef = 80186E2622818BE300B27198 /* NetworkManager.swift */; };
		80186E2B22819E4400B27198 /* NetworkViewController.swift in Sources */ = {isa = PBXBuildFile; fileRef = 80186E2922819E4400B27198 /* NetworkViewController.swift */; };
		80186E2C22819E4400B27198 /* NetworkViewController.xib in Resources */ = {isa = PBXBuildFile; fileRef = 80186E2A22819E4400B27198 /* NetworkViewController.xib */; };
		80186E362282789000B27198 /* ToastWindow.swift in Sources */ = {isa = PBXBuildFile; fileRef = 80186E312282789000B27198 /* ToastWindow.swift */; };
		80186E372282789000B27198 /* ToastView.swift in Sources */ = {isa = PBXBuildFile; fileRef = 80186E322282789000B27198 /* ToastView.swift */; };
		80186E382282789000B27198 /* Toast.swift in Sources */ = {isa = PBXBuildFile; fileRef = 80186E342282789000B27198 /* Toast.swift */; };
		80186E392282789000B27198 /* ToastCenter.swift in Sources */ = {isa = PBXBuildFile; fileRef = 80186E352282789000B27198 /* ToastCenter.swift */; };
		80186E3F228400A400B27198 /* Util.swift in Sources */ = {isa = PBXBuildFile; fileRef = 80186E3E228400A400B27198 /* Util.swift */; };
		8088BF1A227ECA1600E4FF5A /* AppDelegate.swift in Sources */ = {isa = PBXBuildFile; fileRef = 8088BF19227ECA1600E4FF5A /* AppDelegate.swift */; };
		8088BF1C227ECA1600E4FF5A /* NaturalLanguageViewController.swift in Sources */ = {isa = PBXBuildFile; fileRef = 8088BF1B227ECA1600E4FF5A /* NaturalLanguageViewController.swift */; };
		8088BF1F227ECA1600E4FF5A /* Main.storyboard in Resources */ = {isa = PBXBuildFile; fileRef = 8088BF1D227ECA1600E4FF5A /* Main.storyboard */; };
		8088BF21227ECA1700E4FF5A /* Assets.xcassets in Resources */ = {isa = PBXBuildFile; fileRef = 8088BF20227ECA1700E4FF5A /* Assets.xcassets */; };
		8088BF24227ECA1700E4FF5A /* LaunchScreen.storyboard in Resources */ = {isa = PBXBuildFile; fileRef = 8088BF22227ECA1700E4FF5A /* LaunchScreen.storyboard */; };
		8088BF2F227ECA1700E4FF5A /* iOS12Tests.swift in Sources */ = {isa = PBXBuildFile; fileRef = 8088BF2E227ECA1700E4FF5A /* iOS12Tests.swift */; };
		8088BF3A227ECA1700E4FF5A /* iOS12UITests.swift in Sources */ = {isa = PBXBuildFile; fileRef = 8088BF39227ECA1700E4FF5A /* iOS12UITests.swift */; };
		8088BF48227ECA7500E4FF5A /* MainViewController.swift in Sources */ = {isa = PBXBuildFile; fileRef = 8088BF47227ECA7500E4FF5A /* MainViewController.swift */; };
/* End PBXBuildFile section */

/* Begin PBXContainerItemProxy section */
		8005C13B228996E40071A344 /* PBXContainerItemProxy */ = {
			isa = PBXContainerItemProxy;
			containerPortal = 8088BF0E227ECA1600E4FF5A /* Project object */;
			proxyType = 1;
			remoteGlobalIDString = 8005C131228996E30071A344;
			remoteInfo = SoupUI;
		};
		8005C13E228996E40071A344 /* PBXContainerItemProxy */ = {
			isa = PBXContainerItemProxy;
			containerPortal = 8088BF0E227ECA1600E4FF5A /* Project object */;
			proxyType = 1;
			remoteGlobalIDString = 8005C128228996E30071A344;
			remoteInfo = Soup;
		};
		80186D9D227F0A4F00B27198 /* PBXContainerItemProxy */ = {
			isa = PBXContainerItemProxy;
			containerPortal = 8088BF0E227ECA1600E4FF5A /* Project object */;
			proxyType = 1;
			remoteGlobalIDString = 80186D8F227F0A4F00B27198;
			remoteInfo = NotificationContentExtension;
		};
		8088BF2B227ECA1700E4FF5A /* PBXContainerItemProxy */ = {
			isa = PBXContainerItemProxy;
			containerPortal = 8088BF0E227ECA1600E4FF5A /* Project object */;
			proxyType = 1;
			remoteGlobalIDString = 8088BF15227ECA1600E4FF5A;
			remoteInfo = iOS12;
		};
		8088BF36227ECA1700E4FF5A /* PBXContainerItemProxy */ = {
			isa = PBXContainerItemProxy;
			containerPortal = 8088BF0E227ECA1600E4FF5A /* Project object */;
			proxyType = 1;
			remoteGlobalIDString = 8088BF15227ECA1600E4FF5A;
			remoteInfo = iOS12;
		};
/* End PBXContainerItemProxy section */

/* Begin PBXCopyFilesBuildPhase section */
		80186DA3227F0A4F00B27198 /* Embed App Extensions */ = {
			isa = PBXCopyFilesBuildPhase;
			buildActionMask = 2147483647;
			dstPath = "";
			dstSubfolderSpec = 13;
			files = (
				80186D9F227F0A4F00B27198 /* NotificationContentExtension.appex in Embed App Extensions */,
				8005C140228996E40071A344 /* Soup.appex in Embed App Extensions */,
				8005C13D228996E40071A344 /* SoupUI.appex in Embed App Extensions */,
			);
			name = "Embed App Extensions";
			runOnlyForDeploymentPostprocessing = 0;
		};
/* End PBXCopyFilesBuildPhase section */

/* Begin PBXFileReference section */
		8005C129228996E30071A344 /* Soup.appex */ = {isa = PBXFileReference; explicitFileType = "wrapper.app-extension"; includeInIndex = 0; path = Soup.appex; sourceTree = BUILT_PRODUCTS_DIR; };
		8005C12B228996E30071A344 /* IntentHandler.swift */ = {isa = PBXFileReference; lastKnownFileType = sourcecode.swift; path = IntentHandler.swift; sourceTree = "<group>"; };
		8005C12D228996E30071A344 /* Info.plist */ = {isa = PBXFileReference; lastKnownFileType = text.plist.xml; path = Info.plist; sourceTree = "<group>"; };
		8005C132228996E40071A344 /* SoupUI.appex */ = {isa = PBXFileReference; explicitFileType = "wrapper.app-extension"; includeInIndex = 0; path = SoupUI.appex; sourceTree = BUILT_PRODUCTS_DIR; };
		8005C135228996E40071A344 /* IntentViewController.swift */ = {isa = PBXFileReference; lastKnownFileType = sourcecode.swift; path = IntentViewController.swift; sourceTree = "<group>"; };
		8005C138228996E40071A344 /* Base */ = {isa = PBXFileReference; lastKnownFileType = file.storyboard; name = Base; path = Base.lproj/MainInterface.storyboard; sourceTree = "<group>"; };
		8005C13A228996E40071A344 /* Info.plist */ = {isa = PBXFileReference; lastKnownFileType = text.plist.xml; path = Info.plist; sourceTree = "<group>"; };
		8005C169228AA9C60071A344 /* ShortcutsViewController.swift */ = {isa = PBXFileReference; fileEncoding = 4; lastKnownFileType = sourcecode.swift; path = ShortcutsViewController.swift; sourceTree = "<group>"; };
		8005C18B228AB7740071A344 /* Intents.intentdefinition */ = {isa = PBXFileReference; lastKnownFileType = file.intentdefinition; path = Intents.intentdefinition; sourceTree = "<group>"; };
		8005C18D228AB8B90071A344 /* ShortcutsViewController.xib */ = {isa = PBXFileReference; lastKnownFileType = file.xib; path = ShortcutsViewController.xib; sourceTree = "<group>"; };
		8005C18F228ABC530071A344 /* Soup.png */ = {isa = PBXFileReference; lastKnownFileType = image.png; path = Soup.png; sourceTree = "<group>"; };
		8005C193228AC4BF0071A344 /* iOS12.entitlements */ = {isa = PBXFileReference; lastKnownFileType = text.plist.entitlements; path = iOS12.entitlements; sourceTree = "<group>"; };
		80186D90227F0A4F00B27198 /* NotificationContentExtension.appex */ = {isa = PBXFileReference; explicitFileType = "wrapper.app-extension"; includeInIndex = 0; path = NotificationContentExtension.appex; sourceTree = BUILT_PRODUCTS_DIR; };
		80186D92227F0A4F00B27198 /* UserNotifications.framework */ = {isa = PBXFileReference; lastKnownFileType = wrapper.framework; name = UserNotifications.framework; path = System/Library/Frameworks/UserNotifications.framework; sourceTree = SDKROOT; };
		80186D94227F0A4F00B27198 /* UserNotificationsUI.framework */ = {isa = PBXFileReference; lastKnownFileType = wrapper.framework; name = UserNotificationsUI.framework; path = System/Library/Frameworks/UserNotificationsUI.framework; sourceTree = SDKROOT; };
		80186D97227F0A4F00B27198 /* NotificationViewController.swift */ = {isa = PBXFileReference; lastKnownFileType = sourcecode.swift; path = NotificationViewController.swift; sourceTree = "<group>"; };
		80186D9A227F0A4F00B27198 /* Base */ = {isa = PBXFileReference; lastKnownFileType = file.storyboard; name = Base; path = Base.lproj/MainInterface.storyboard; sourceTree = "<group>"; };
		80186D9C227F0A4F00B27198 /* Info.plist */ = {isa = PBXFileReference; lastKnownFileType = text.plist.xml; path = Info.plist; sourceTree = "<group>"; };
		80186DA4227F0B1C00B27198 /* CustomNotificationUIViewController.swift */ = {isa = PBXFileReference; lastKnownFileType = sourcecode.swift; path = CustomNotificationUIViewController.swift; sourceTree = "<group>"; };
		80186DA6227F0B3D00B27198 /* CustomNotificationUIViewController.xib */ = {isa = PBXFileReference; lastKnownFileType = file.xib; path = CustomNotificationUIViewController.xib; sourceTree = "<group>"; };
		80186DA8227FDB7B00B27198 /* local_notification_img.png */ = {isa = PBXFileReference; lastKnownFileType = image.png; path = local_notification_img.png; sourceTree = "<group>"; };
		80186DAA2280070700B27198 /* animation_bgm.mp3 */ = {isa = PBXFileReference; lastKnownFileType = audio.mp3; path = animation_bgm.mp3; sourceTree = "<group>"; };
		80186DAF22800AB300B27198 /* attachment.png */ = {isa = PBXFileReference; lastKnownFileType = image.png; path = attachment.png; sourceTree = "<group>"; };
		80186E2622818BE300B27198 /* NetworkManager.swift */ = {isa = PBXFileReference; lastKnownFileType = sourcecode.swift; path = NetworkManager.swift; sourceTree = "<group>"; };
		80186E2922819E4400B27198 /* NetworkViewController.swift */ = {isa = PBXFileReference; lastKnownFileType = sourcecode.swift; path = NetworkViewController.swift; sourceTree = "<group>"; };
		80186E2A22819E4400B27198 /* NetworkViewController.xib */ = {isa = PBXFileReference; lastKnownFileType = file.xib; path = NetworkViewController.xib; sourceTree = "<group>"; };
		80186E312282789000B27198 /* ToastWindow.swift */ = {isa = PBXFileReference; fileEncoding = 4; lastKnownFileType = sourcecode.swift; path = ToastWindow.swift; sourceTree = "<group>"; };
		80186E322282789000B27198 /* ToastView.swift */ = {isa = PBXFileReference; fileEncoding = 4; lastKnownFileType = sourcecode.swift; path = ToastView.swift; sourceTree = "<group>"; };
		80186E332282789000B27198 /* Toaster.h */ = {isa = PBXFileReference; fileEncoding = 4; lastKnownFileType = sourcecode.c.h; path = Toaster.h; sourceTree = "<group>"; };
		80186E342282789000B27198 /* Toast.swift */ = {isa = PBXFileReference; fileEncoding = 4; lastKnownFileType = sourcecode.swift; path = Toast.swift; sourceTree = "<group>"; };
		80186E352282789000B27198 /* ToastCenter.swift */ = {isa = PBXFileReference; fileEncoding = 4; lastKnownFileType = sourcecode.swift; path = ToastCenter.swift; sourceTree = "<group>"; };
		80186E3E228400A400B27198 /* Util.swift */ = {isa = PBXFileReference; fileEncoding = 4; lastKnownFileType = sourcecode.swift; path = Util.swift; sourceTree = "<group>"; };
		802DEF962289633800989E30 /* IntentsUI.framework */ = {isa = PBXFileReference; lastKnownFileType = wrapper.framework; name = IntentsUI.framework; path = System/Library/Frameworks/IntentsUI.framework; sourceTree = SDKROOT; };
		8088BF16227ECA1600E4FF5A /* iOS12.app */ = {isa = PBXFileReference; explicitFileType = wrapper.application; includeInIndex = 0; path = iOS12.app; sourceTree = BUILT_PRODUCTS_DIR; };
		8088BF19227ECA1600E4FF5A /* AppDelegate.swift */ = {isa = PBXFileReference; lastKnownFileType = sourcecode.swift; path = AppDelegate.swift; sourceTree = "<group>"; };
		8088BF1B227ECA1600E4FF5A /* NaturalLanguageViewController.swift */ = {isa = PBXFileReference; lastKnownFileType = sourcecode.swift; path = NaturalLanguageViewController.swift; sourceTree = "<group>"; };
		8088BF1E227ECA1600E4FF5A /* Base */ = {isa = PBXFileReference; lastKnownFileType = file.storyboard; name = Base; path = Base.lproj/Main.storyboard; sourceTree = "<group>"; };
		8088BF20227ECA1700E4FF5A /* Assets.xcassets */ = {isa = PBXFileReference; lastKnownFileType = folder.assetcatalog; path = Assets.xcassets; sourceTree = "<group>"; };
		8088BF23227ECA1700E4FF5A /* Base */ = {isa = PBXFileReference; lastKnownFileType = file.storyboard; name = Base; path = Base.lproj/LaunchScreen.storyboard; sourceTree = "<group>"; };
		8088BF25227ECA1700E4FF5A /* Info.plist */ = {isa = PBXFileReference; lastKnownFileType = text.plist.xml; path = Info.plist; sourceTree = "<group>"; };
		8088BF2A227ECA1700E4FF5A /* iOS12Tests.xctest */ = {isa = PBXFileReference; explicitFileType = wrapper.cfbundle; includeInIndex = 0; path = iOS12Tests.xctest; sourceTree = BUILT_PRODUCTS_DIR; };
		8088BF2E227ECA1700E4FF5A /* iOS12Tests.swift */ = {isa = PBXFileReference; lastKnownFileType = sourcecode.swift; path = iOS12Tests.swift; sourceTree = "<group>"; };
		8088BF30227ECA1700E4FF5A /* Info.plist */ = {isa = PBXFileReference; lastKnownFileType = text.plist.xml; path = Info.plist; sourceTree = "<group>"; };
		8088BF35227ECA1700E4FF5A /* iOS12UITests.xctest */ = {isa = PBXFileReference; explicitFileType = wrapper.cfbundle; includeInIndex = 0; path = iOS12UITests.xctest; sourceTree = BUILT_PRODUCTS_DIR; };
		8088BF39227ECA1700E4FF5A /* iOS12UITests.swift */ = {isa = PBXFileReference; lastKnownFileType = sourcecode.swift; path = iOS12UITests.swift; sourceTree = "<group>"; };
		8088BF3B227ECA1700E4FF5A /* Info.plist */ = {isa = PBXFileReference; lastKnownFileType = text.plist.xml; path = Info.plist; sourceTree = "<group>"; };
		8088BF47227ECA7500E4FF5A /* MainViewController.swift */ = {isa = PBXFileReference; lastKnownFileType = sourcecode.swift; path = MainViewController.swift; sourceTree = "<group>"; };
/* End PBXFileReference section */

/* Begin PBXFrameworksBuildPhase section */
		8005C126228996E30071A344 /* Frameworks */ = {
			isa = PBXFrameworksBuildPhase;
			buildActionMask = 2147483647;
			files = (
			);
			runOnlyForDeploymentPostprocessing = 0;
		};
		8005C12F228996E30071A344 /* Frameworks */ = {
			isa = PBXFrameworksBuildPhase;
			buildActionMask = 2147483647;
			files = (
				8005C133228996E40071A344 /* IntentsUI.framework in Frameworks */,
			);
			runOnlyForDeploymentPostprocessing = 0;
		};
		80186D8D227F0A4F00B27198 /* Frameworks */ = {
			isa = PBXFrameworksBuildPhase;
			buildActionMask = 2147483647;
			files = (
				80186D95227F0A4F00B27198 /* UserNotificationsUI.framework in Frameworks */,
				80186D93227F0A4F00B27198 /* UserNotifications.framework in Frameworks */,
			);
			runOnlyForDeploymentPostprocessing = 0;
		};
		8088BF13227ECA1600E4FF5A /* Frameworks */ = {
			isa = PBXFrameworksBuildPhase;
			buildActionMask = 2147483647;
			files = (
			);
			runOnlyForDeploymentPostprocessing = 0;
		};
		8088BF27227ECA1700E4FF5A /* Frameworks */ = {
			isa = PBXFrameworksBuildPhase;
			buildActionMask = 2147483647;
			files = (
			);
			runOnlyForDeploymentPostprocessing = 0;
		};
		8088BF32227ECA1700E4FF5A /* Frameworks */ = {
			isa = PBXFrameworksBuildPhase;
			buildActionMask = 2147483647;
			files = (
			);
			runOnlyForDeploymentPostprocessing = 0;
		};
/* End PBXFrameworksBuildPhase section */

/* Begin PBXGroup section */
		8005C12A228996E30071A344 /* Soup */ = {
			isa = PBXGroup;
			children = (
				8005C12B228996E30071A344 /* IntentHandler.swift */,
				8005C12D228996E30071A344 /* Info.plist */,
			);
			path = Soup;
			sourceTree = "<group>";
		};
		8005C134228996E40071A344 /* SoupUI */ = {
			isa = PBXGroup;
			children = (
				8005C135228996E40071A344 /* IntentViewController.swift */,
				8005C137228996E40071A344 /* MainInterface.storyboard */,
				8005C13A228996E40071A344 /* Info.plist */,
			);
			path = SoupUI;
			sourceTree = "<group>";
		};
		8005C168228AA9C60071A344 /* Shortcuts */ = {
			isa = PBXGroup;
			children = (
				8005C169228AA9C60071A344 /* ShortcutsViewController.swift */,
				8005C18D228AB8B90071A344 /* ShortcutsViewController.xib */,
				8005C18B228AB7740071A344 /* Intents.intentdefinition */,
			);
			path = Shortcuts;
			sourceTree = "<group>";
		};
		80186D91227F0A4F00B27198 /* Frameworks */ = {
			isa = PBXGroup;
			children = (
				80186D92227F0A4F00B27198 /* UserNotifications.framework */,
				80186D94227F0A4F00B27198 /* UserNotificationsUI.framework */,
				802DEF962289633800989E30 /* IntentsUI.framework */,
			);
			name = Frameworks;
			sourceTree = "<group>";
		};
		80186D96227F0A4F00B27198 /* NotificationContentExtension */ = {
			isa = PBXGroup;
			children = (
				80186DAA2280070700B27198 /* animation_bgm.mp3 */,
				80186DA8227FDB7B00B27198 /* local_notification_img.png */,
				80186D97227F0A4F00B27198 /* NotificationViewController.swift */,
				80186D99227F0A4F00B27198 /* MainInterface.storyboard */,
				80186D9C227F0A4F00B27198 /* Info.plist */,
			);
			path = NotificationContentExtension;
			sourceTree = "<group>";
		};
		80186E2F2282789000B27198 /* third */ = {
			isa = PBXGroup;
			children = (
				80186E302282789000B27198 /* Toast */,
			);
			path = third;
			sourceTree = "<group>";
		};
		80186E302282789000B27198 /* Toast */ = {
			isa = PBXGroup;
			children = (
				80186E312282789000B27198 /* ToastWindow.swift */,
				80186E322282789000B27198 /* ToastView.swift */,
				80186E332282789000B27198 /* Toaster.h */,
				80186E342282789000B27198 /* Toast.swift */,
				80186E352282789000B27198 /* ToastCenter.swift */,
			);
			path = Toast;
			sourceTree = "<group>";
		};
		8088BF0D227ECA1600E4FF5A = {
			isa = PBXGroup;
			children = (
				8088BF18227ECA1600E4FF5A /* iOS12 */,
				8088BF2D227ECA1700E4FF5A /* iOS12Tests */,
				8088BF38227ECA1700E4FF5A /* iOS12UITests */,
				80186D96227F0A4F00B27198 /* NotificationContentExtension */,
				8005C12A228996E30071A344 /* Soup */,
				8005C134228996E40071A344 /* SoupUI */,
				80186D91227F0A4F00B27198 /* Frameworks */,
				8088BF17227ECA1600E4FF5A /* Products */,
			);
			sourceTree = "<group>";
		};
		8088BF17227ECA1600E4FF5A /* Products */ = {
			isa = PBXGroup;
			children = (
				8088BF16227ECA1600E4FF5A /* iOS12.app */,
				8088BF2A227ECA1700E4FF5A /* iOS12Tests.xctest */,
				8088BF35227ECA1700E4FF5A /* iOS12UITests.xctest */,
				80186D90227F0A4F00B27198 /* NotificationContentExtension.appex */,
				8005C129228996E30071A344 /* Soup.appex */,
				8005C132228996E40071A344 /* SoupUI.appex */,
			);
			name = Products;
			sourceTree = "<group>";
		};
		8088BF18227ECA1600E4FF5A /* iOS12 */ = {
			isa = PBXGroup;
			children = (
				8005C193228AC4BF0071A344 /* iOS12.entitlements */,
				80186E2F2282789000B27198 /* third */,
				8088BF19227ECA1600E4FF5A /* AppDelegate.swift */,
				8088BF47227ECA7500E4FF5A /* MainViewController.swift */,
				8088BF1B227ECA1600E4FF5A /* NaturalLanguageViewController.swift */,
				80186DA4227F0B1C00B27198 /* CustomNotificationUIViewController.swift */,
				80186DA6227F0B3D00B27198 /* CustomNotificationUIViewController.xib */,
				80186E2622818BE300B27198 /* NetworkManager.swift */,
				80186E3E228400A400B27198 /* Util.swift */,
				80186E2922819E4400B27198 /* NetworkViewController.swift */,
				80186E2A22819E4400B27198 /* NetworkViewController.xib */,
				8088BF1D227ECA1600E4FF5A /* Main.storyboard */,
				8005C168228AA9C60071A344 /* Shortcuts */,
				8088BF20227ECA1700E4FF5A /* Assets.xcassets */,
				80186DAF22800AB300B27198 /* attachment.png */,
				8005C18F228ABC530071A344 /* Soup.png */,
				8088BF22227ECA1700E4FF5A /* LaunchScreen.storyboard */,
				8088BF25227ECA1700E4FF5A /* Info.plist */,
			);
			path = iOS12;
			sourceTree = "<group>";
		};
		8088BF2D227ECA1700E4FF5A /* iOS12Tests */ = {
			isa = PBXGroup;
			children = (
				8088BF2E227ECA1700E4FF5A /* iOS12Tests.swift */,
				8088BF30227ECA1700E4FF5A /* Info.plist */,
			);
			path = iOS12Tests;
			sourceTree = "<group>";
		};
		8088BF38227ECA1700E4FF5A /* iOS12UITests */ = {
			isa = PBXGroup;
			children = (
				8088BF39227ECA1700E4FF5A /* iOS12UITests.swift */,
				8088BF3B227ECA1700E4FF5A /* Info.plist */,
			);
			path = iOS12UITests;
			sourceTree = "<group>";
		};
/* End PBXGroup section */

/* Begin PBXNativeTarget section */
		8005C128228996E30071A344 /* Soup */ = {
			isa = PBXNativeTarget;
			buildConfigurationList = 8005C144228996E40071A344 /* Build configuration list for PBXNativeTarget "Soup" */;
			buildPhases = (
				8005C125228996E30071A344 /* Sources */,
				8005C126228996E30071A344 /* Frameworks */,
				8005C127228996E30071A344 /* Resources */,
			);
			buildRules = (
			);
			dependencies = (
			);
			name = Soup;
			productName = Soup;
			productReference = 8005C129228996E30071A344 /* Soup.appex */;
			productType = "com.apple.product-type.app-extension";
		};
		8005C131228996E30071A344 /* SoupUI */ = {
			isa = PBXNativeTarget;
			buildConfigurationList = 8005C141228996E40071A344 /* Build configuration list for PBXNativeTarget "SoupUI" */;
			buildPhases = (
				8005C12E228996E30071A344 /* Sources */,
				8005C12F228996E30071A344 /* Frameworks */,
				8005C130228996E30071A344 /* Resources */,
			);
			buildRules = (
			);
			dependencies = (
			);
			name = SoupUI;
			productName = SoupUI;
			productReference = 8005C132228996E40071A344 /* SoupUI.appex */;
			productType = "com.apple.product-type.app-extension";
		};
		80186D8F227F0A4F00B27198 /* NotificationContentExtension */ = {
			isa = PBXNativeTarget;
			buildConfigurationList = 80186DA2227F0A4F00B27198 /* Build configuration list for PBXNativeTarget "NotificationContentExtension" */;
			buildPhases = (
				80186D8C227F0A4F00B27198 /* Sources */,
				80186D8D227F0A4F00B27198 /* Frameworks */,
				80186D8E227F0A4F00B27198 /* Resources */,
			);
			buildRules = (
			);
			dependencies = (
			);
			name = NotificationContentExtension;
			productName = NotificationContentExtension;
			productReference = 80186D90227F0A4F00B27198 /* NotificationContentExtension.appex */;
			productType = "com.apple.product-type.app-extension";
		};
		8088BF15227ECA1600E4FF5A /* iOS12 */ = {
			isa = PBXNativeTarget;
			buildConfigurationList = 8088BF3E227ECA1700E4FF5A /* Build configuration list for PBXNativeTarget "iOS12" */;
			buildPhases = (
				8088BF12227ECA1600E4FF5A /* Sources */,
				8088BF13227ECA1600E4FF5A /* Frameworks */,
				8088BF14227ECA1600E4FF5A /* Resources */,
				80186DA3227F0A4F00B27198 /* Embed App Extensions */,
			);
			buildRules = (
			);
			dependencies = (
				80186D9E227F0A4F00B27198 /* PBXTargetDependency */,
				8005C13C228996E40071A344 /* PBXTargetDependency */,
				8005C13F228996E40071A344 /* PBXTargetDependency */,
			);
			name = iOS12;
			productName = iOS12;
			productReference = 8088BF16227ECA1600E4FF5A /* iOS12.app */;
			productType = "com.apple.product-type.application";
		};
		8088BF29227ECA1700E4FF5A /* iOS12Tests */ = {
			isa = PBXNativeTarget;
			buildConfigurationList = 8088BF41227ECA1700E4FF5A /* Build configuration list for PBXNativeTarget "iOS12Tests" */;
			buildPhases = (
				8088BF26227ECA1700E4FF5A /* Sources */,
				8088BF27227ECA1700E4FF5A /* Frameworks */,
				8088BF28227ECA1700E4FF5A /* Resources */,
			);
			buildRules = (
			);
			dependencies = (
				8088BF2C227ECA1700E4FF5A /* PBXTargetDependency */,
			);
			name = iOS12Tests;
			productName = iOS12Tests;
			productReference = 8088BF2A227ECA1700E4FF5A /* iOS12Tests.xctest */;
			productType = "com.apple.product-type.bundle.unit-test";
		};
		8088BF34227ECA1700E4FF5A /* iOS12UITests */ = {
			isa = PBXNativeTarget;
			buildConfigurationList = 8088BF44227ECA1700E4FF5A /* Build configuration list for PBXNativeTarget "iOS12UITests" */;
			buildPhases = (
				8088BF31227ECA1700E4FF5A /* Sources */,
				8088BF32227ECA1700E4FF5A /* Frameworks */,
				8088BF33227ECA1700E4FF5A /* Resources */,
			);
			buildRules = (
			);
			dependencies = (
				8088BF37227ECA1700E4FF5A /* PBXTargetDependency */,
			);
			name = iOS12UITests;
			productName = iOS12UITests;
			productReference = 8088BF35227ECA1700E4FF5A /* iOS12UITests.xctest */;
			productType = "com.apple.product-type.bundle.ui-testing";
		};
/* End PBXNativeTarget section */

/* Begin PBXProject section */
		8088BF0E227ECA1600E4FF5A /* Project object */ = {
			isa = PBXProject;
			attributes = {
				LastSwiftUpdateCheck = 1020;
				LastUpgradeCheck = 1020;
				ORGANIZATIONNAME = cxy;
				TargetAttributes = {
					8005C128228996E30071A344 = {
						CreatedOnToolsVersion = 10.2;
					};
					8005C131228996E30071A344 = {
						CreatedOnToolsVersion = 10.2;
					};
					80186D8F227F0A4F00B27198 = {
						CreatedOnToolsVersion = 10.2;
					};
					8088BF15227ECA1600E4FF5A = {
						CreatedOnToolsVersion = 10.2;
						SystemCapabilities = {
							com.apple.Siri = {
								enabled = 1;
							};
						};
					};
					8088BF29227ECA1700E4FF5A = {
						CreatedOnToolsVersion = 10.2;
						TestTargetID = 8088BF15227ECA1600E4FF5A;
					};
					8088BF34227ECA1700E4FF5A = {
						CreatedOnToolsVersion = 10.2;
						TestTargetID = 8088BF15227ECA1600E4FF5A;
					};
				};
			};
			buildConfigurationList = 8088BF11227ECA1600E4FF5A /* Build configuration list for PBXProject "iOS12" */;
			compatibilityVersion = "Xcode 9.3";
			developmentRegion = en;
			hasScannedForEncodings = 0;
			knownRegions = (
				en,
				Base,
			);
			mainGroup = 8088BF0D227ECA1600E4FF5A;
			productRefGroup = 8088BF17227ECA1600E4FF5A /* Products */;
			projectDirPath = "";
			projectRoot = "";
			targets = (
				8088BF15227ECA1600E4FF5A /* iOS12 */,
				8088BF29227ECA1700E4FF5A /* iOS12Tests */,
				8088BF34227ECA1700E4FF5A /* iOS12UITests */,
				80186D8F227F0A4F00B27198 /* NotificationContentExtension */,
				8005C128228996E30071A344 /* Soup */,
				8005C131228996E30071A344 /* SoupUI */,
			);
		};
/* End PBXProject section */

/* Begin PBXResourcesBuildPhase section */
		8005C127228996E30071A344 /* Resources */ = {
			isa = PBXResourcesBuildPhase;
			buildActionMask = 2147483647;
			files = (
			);
			runOnlyForDeploymentPostprocessing = 0;
		};
		8005C130228996E30071A344 /* Resources */ = {
			isa = PBXResourcesBuildPhase;
			buildActionMask = 2147483647;
			files = (
				8005C139228996E40071A344 /* MainInterface.storyboard in Resources */,
			);
			runOnlyForDeploymentPostprocessing = 0;
		};
		80186D8E227F0A4F00B27198 /* Resources */ = {
			isa = PBXResourcesBuildPhase;
			buildActionMask = 2147483647;
			files = (
				80186DA9227FDB7B00B27198 /* local_notification_img.png in Resources */,
				80186D9B227F0A4F00B27198 /* MainInterface.storyboard in Resources */,
				80186DB122800AB400B27198 /* attachment.png in Resources */,
				80186DAB2280070700B27198 /* animation_bgm.mp3 in Resources */,
			);
			runOnlyForDeploymentPostprocessing = 0;
		};
		8088BF14227ECA1600E4FF5A /* Resources */ = {
			isa = PBXResourcesBuildPhase;
			buildActionMask = 2147483647;
			files = (
				8088BF24227ECA1700E4FF5A /* LaunchScreen.storyboard in Resources */,
				80186DA7227F0B3D00B27198 /* CustomNotificationUIViewController.xib in Resources */,
				8005C190228ABC540071A344 /* Soup.png in Resources */,
				8088BF21227ECA1700E4FF5A /* Assets.xcassets in Resources */,
				80186DB022800AB400B27198 /* attachment.png in Resources */,
				8005C18E228AB8B90071A344 /* ShortcutsViewController.xib in Resources */,
				8088BF1F227ECA1600E4FF5A /* Main.storyboard in Resources */,
				80186E2C22819E4400B27198 /* NetworkViewController.xib in Resources */,
			);
			runOnlyForDeploymentPostprocessing = 0;
		};
		8088BF28227ECA1700E4FF5A /* Resources */ = {
			isa = PBXResourcesBuildPhase;
			buildActionMask = 2147483647;
			files = (
			);
			runOnlyForDeploymentPostprocessing = 0;
		};
		8088BF33227ECA1700E4FF5A /* Resources */ = {
			isa = PBXResourcesBuildPhase;
			buildActionMask = 2147483647;
			files = (
			);
			runOnlyForDeploymentPostprocessing = 0;
		};
/* End PBXResourcesBuildPhase section */

/* Begin PBXSourcesBuildPhase section */
		8005C125228996E30071A344 /* Sources */ = {
			isa = PBXSourcesBuildPhase;
			buildActionMask = 2147483647;
			files = (
				8005C191228AC0660071A344 /* Intents.intentdefinition in Sources */,
				8005C12C228996E30071A344 /* IntentHandler.swift in Sources */,
			);
			runOnlyForDeploymentPostprocessing = 0;
		};
		8005C12E228996E30071A344 /* Sources */ = {
			isa = PBXSourcesBuildPhase;
			buildActionMask = 2147483647;
			files = (
				8005C192228AC0670071A344 /* Intents.intentdefinition in Sources */,
				8005C136228996E40071A344 /* IntentViewController.swift in Sources */,
			);
			runOnlyForDeploymentPostprocessing = 0;
		};
		80186D8C227F0A4F00B27198 /* Sources */ = {
			isa = PBXSourcesBuildPhase;
			buildActionMask = 2147483647;
			files = (
				80186D98227F0A4F00B27198 /* NotificationViewController.swift in Sources */,
			);
			runOnlyForDeploymentPostprocessing = 0;
		};
		8088BF12227ECA1600E4FF5A /* Sources */ = {
			isa = PBXSourcesBuildPhase;
			buildActionMask = 2147483647;
			files = (
				80186E3F228400A400B27198 /* Util.swift in Sources */,
				80186E372282789000B27198 /* ToastView.swift in Sources */,
				80186E2822819CA500B27198 /* NetworkManager.swift in Sources */,
				80186E2B22819E4400B27198 /* NetworkViewController.swift in Sources */,
				8088BF48227ECA7500E4FF5A /* MainViewController.swift in Sources */,
				8088BF1C227ECA1600E4FF5A /* NaturalLanguageViewController.swift in Sources */,
				80186E362282789000B27198 /* ToastWindow.swift in Sources */,
				80186DA5227F0B1C00B27198 /* CustomNotificationUIViewController.swift in Sources */,
				80186E382282789000B27198 /* Toast.swift in Sources */,
				8005C177228AA9C60071A344 /* ShortcutsViewController.swift in Sources */,
				80186E392282789000B27198 /* ToastCenter.swift in Sources */,
				8005C18C228AB7740071A344 /* Intents.intentdefinition in Sources */,
				8088BF1A227ECA1600E4FF5A /* AppDelegate.swift in Sources */,
			);
			runOnlyForDeploymentPostprocessing = 0;
		};
		8088BF26227ECA1700E4FF5A /* Sources */ = {
			isa = PBXSourcesBuildPhase;
			buildActionMask = 2147483647;
			files = (
				8088BF2F227ECA1700E4FF5A /* iOS12Tests.swift in Sources */,
			);
			runOnlyForDeploymentPostprocessing = 0;
		};
		8088BF31227ECA1700E4FF5A /* Sources */ = {
			isa = PBXSourcesBuildPhase;
			buildActionMask = 2147483647;
			files = (
				8088BF3A227ECA1700E4FF5A /* iOS12UITests.swift in Sources */,
			);
			runOnlyForDeploymentPostprocessing = 0;
		};
/* End PBXSourcesBuildPhase section */

/* Begin PBXTargetDependency section */
		8005C13C228996E40071A344 /* PBXTargetDependency */ = {
			isa = PBXTargetDependency;
			target = 8005C131228996E30071A344 /* SoupUI */;
			targetProxy = 8005C13B228996E40071A344 /* PBXContainerItemProxy */;
		};
		8005C13F228996E40071A344 /* PBXTargetDependency */ = {
			isa = PBXTargetDependency;
			target = 8005C128228996E30071A344 /* Soup */;
			targetProxy = 8005C13E228996E40071A344 /* PBXContainerItemProxy */;
		};
		80186D9E227F0A4F00B27198 /* PBXTargetDependency */ = {
			isa = PBXTargetDependency;
			target = 80186D8F227F0A4F00B27198 /* NotificationContentExtension */;
			targetProxy = 80186D9D227F0A4F00B27198 /* PBXContainerItemProxy */;
		};
		8088BF2C227ECA1700E4FF5A /* PBXTargetDependency */ = {
			isa = PBXTargetDependency;
			target = 8088BF15227ECA1600E4FF5A /* iOS12 */;
			targetProxy = 8088BF2B227ECA1700E4FF5A /* PBXContainerItemProxy */;
		};
		8088BF37227ECA1700E4FF5A /* PBXTargetDependency */ = {
			isa = PBXTargetDependency;
			target = 8088BF15227ECA1600E4FF5A /* iOS12 */;
			targetProxy = 8088BF36227ECA1700E4FF5A /* PBXContainerItemProxy */;
		};
/* End PBXTargetDependency section */

/* Begin PBXVariantGroup section */
		8005C137228996E40071A344 /* MainInterface.storyboard */ = {
			isa = PBXVariantGroup;
			children = (
				8005C138228996E40071A344 /* Base */,
			);
			name = MainInterface.storyboard;
			sourceTree = "<group>";
		};
		80186D99227F0A4F00B27198 /* MainInterface.storyboard */ = {
			isa = PBXVariantGroup;
			children = (
				80186D9A227F0A4F00B27198 /* Base */,
			);
			name = MainInterface.storyboard;
			sourceTree = "<group>";
		};
		8088BF1D227ECA1600E4FF5A /* Main.storyboard */ = {
			isa = PBXVariantGroup;
			children = (
				8088BF1E227ECA1600E4FF5A /* Base */,
			);
			name = Main.storyboard;
			sourceTree = "<group>";
		};
		8088BF22227ECA1700E4FF5A /* LaunchScreen.storyboard */ = {
			isa = PBXVariantGroup;
			children = (
				8088BF23227ECA1700E4FF5A /* Base */,
			);
			name = LaunchScreen.storyboard;
			sourceTree = "<group>";
		};
/* End PBXVariantGroup section */

/* Begin XCBuildConfiguration section */
		8005C142228996E40071A344 /* Debug */ = {
			isa = XCBuildConfiguration;
			buildSettings = {
				CODE_SIGN_STYLE = Automatic;
				DEVELOPMENT_TEAM = GLWCRSS83U;
				INFOPLIST_FILE = SoupUI/Info.plist;
				LD_RUNPATH_SEARCH_PATHS = (
					"$(inherited)",
					"@executable_path/Frameworks",
					"@executable_path/../../Frameworks",
				);
				PRODUCT_BUNDLE_IDENTIFIER = com.ubtechinc.iOS12.SoupUI;
				PRODUCT_NAME = "$(TARGET_NAME)";
				SKIP_INSTALL = YES;
				SWIFT_VERSION = 5.0;
				TARGETED_DEVICE_FAMILY = "1,2";
			};
			name = Debug;
		};
		8005C143228996E40071A344 /* Release */ = {
			isa = XCBuildConfiguration;
			buildSettings = {
				CODE_SIGN_STYLE = Automatic;
				DEVELOPMENT_TEAM = GLWCRSS83U;
				INFOPLIST_FILE = SoupUI/Info.plist;
				LD_RUNPATH_SEARCH_PATHS = (
					"$(inherited)",
					"@executable_path/Frameworks",
					"@executable_path/../../Frameworks",
				);
				PRODUCT_BUNDLE_IDENTIFIER = com.ubtechinc.iOS12.SoupUI;
				PRODUCT_NAME = "$(TARGET_NAME)";
				SKIP_INSTALL = YES;
				SWIFT_VERSION = 5.0;
				TARGETED_DEVICE_FAMILY = "1,2";
			};
			name = Release;
		};
		8005C145228996E40071A344 /* Debug */ = {
			isa = XCBuildConfiguration;
			buildSettings = {
				CODE_SIGN_STYLE = Automatic;
				DEVELOPMENT_TEAM = GLWCRSS83U;
				INFOPLIST_FILE = Soup/Info.plist;
				LD_RUNPATH_SEARCH_PATHS = (
					"$(inherited)",
					"@executable_path/Frameworks",
					"@executable_path/../../Frameworks",
				);
				PRODUCT_BUNDLE_IDENTIFIER = com.ubtechinc.iOS12.Soup;
				PRODUCT_NAME = "$(TARGET_NAME)";
				SKIP_INSTALL = YES;
				SWIFT_VERSION = 5.0;
				TARGETED_DEVICE_FAMILY = "1,2";
			};
			name = Debug;
		};
		8005C146228996E40071A344 /* Release */ = {
			isa = XCBuildConfiguration;
			buildSettings = {
				CODE_SIGN_STYLE = Automatic;
				DEVELOPMENT_TEAM = GLWCRSS83U;
				INFOPLIST_FILE = Soup/Info.plist;
				LD_RUNPATH_SEARCH_PATHS = (
					"$(inherited)",
					"@executable_path/Frameworks",
					"@executable_path/../../Frameworks",
				);
				PRODUCT_BUNDLE_IDENTIFIER = com.ubtechinc.iOS12.Soup;
				PRODUCT_NAME = "$(TARGET_NAME)";
				SKIP_INSTALL = YES;
				SWIFT_VERSION = 5.0;
				TARGETED_DEVICE_FAMILY = "1,2";
			};
			name = Release;
		};
		80186DA0227F0A4F00B27198 /* Debug */ = {
			isa = XCBuildConfiguration;
			buildSettings = {
				CODE_SIGN_STYLE = Automatic;
				DEVELOPMENT_TEAM = GLWCRSS83U;
				INFOPLIST_FILE = NotificationContentExtension/Info.plist;
				IPHONEOS_DEPLOYMENT_TARGET = 12.0;
				LD_RUNPATH_SEARCH_PATHS = (
					"$(inherited)",
					"@executable_path/Frameworks",
					"@executable_path/../../Frameworks",
				);
				PRODUCT_BUNDLE_IDENTIFIER = com.ubtechinc.iOS12.NotificationContentExtension;
				PRODUCT_NAME = "$(TARGET_NAME)";
				SKIP_INSTALL = YES;
				SWIFT_VERSION = 5.0;
				TARGETED_DEVICE_FAMILY = "1,2";
			};
			name = Debug;
		};
		80186DA1227F0A4F00B27198 /* Release */ = {
			isa = XCBuildConfiguration;
			buildSettings = {
				CODE_SIGN_STYLE = Automatic;
				DEVELOPMENT_TEAM = GLWCRSS83U;
				INFOPLIST_FILE = NotificationContentExtension/Info.plist;
				IPHONEOS_DEPLOYMENT_TARGET = 12.0;
				LD_RUNPATH_SEARCH_PATHS = (
					"$(inherited)",
					"@executable_path/Frameworks",
					"@executable_path/../../Frameworks",
				);
				PRODUCT_BUNDLE_IDENTIFIER = com.ubtechinc.iOS12.NotificationContentExtension;
				PRODUCT_NAME = "$(TARGET_NAME)";
				SKIP_INSTALL = YES;
				SWIFT_VERSION = 5.0;
				TARGETED_DEVICE_FAMILY = "1,2";
			};
			name = Release;
		};
		8088BF3C227ECA1700E4FF5A /* Debug */ = {
			isa = XCBuildConfiguration;
			buildSettings = {
				ALWAYS_SEARCH_USER_PATHS = NO;
				CLANG_ANALYZER_NONNULL = YES;
				CLANG_ANALYZER_NUMBER_OBJECT_CONVERSION = YES_AGGRESSIVE;
				CLANG_CXX_LANGUAGE_STANDARD = "gnu++14";
				CLANG_CXX_LIBRARY = "libc++";
				CLANG_ENABLE_MODULES = YES;
				CLANG_ENABLE_OBJC_ARC = YES;
				CLANG_ENABLE_OBJC_WEAK = YES;
				CLANG_WARN_BLOCK_CAPTURE_AUTORELEASING = YES;
				CLANG_WARN_BOOL_CONVERSION = YES;
				CLANG_WARN_COMMA = YES;
				CLANG_WARN_CONSTANT_CONVERSION = YES;
				CLANG_WARN_DEPRECATED_OBJC_IMPLEMENTATIONS = YES;
				CLANG_WARN_DIRECT_OBJC_ISA_USAGE = YES_ERROR;
				CLANG_WARN_DOCUMENTATION_COMMENTS = YES;
				CLANG_WARN_EMPTY_BODY = YES;
				CLANG_WARN_ENUM_CONVERSION = YES;
				CLANG_WARN_INFINITE_RECURSION = YES;
				CLANG_WARN_INT_CONVERSION = YES;
				CLANG_WARN_NON_LITERAL_NULL_CONVERSION = YES;
				CLANG_WARN_OBJC_IMPLICIT_RETAIN_SELF = YES;
				CLANG_WARN_OBJC_LITERAL_CONVERSION = YES;
				CLANG_WARN_OBJC_ROOT_CLASS = YES_ERROR;
				CLANG_WARN_RANGE_LOOP_ANALYSIS = YES;
				CLANG_WARN_STRICT_PROTOTYPES = YES;
				CLANG_WARN_SUSPICIOUS_MOVE = YES;
				CLANG_WARN_UNGUARDED_AVAILABILITY = YES_AGGRESSIVE;
				CLANG_WARN_UNREACHABLE_CODE = YES;
				CLANG_WARN__DUPLICATE_METHOD_MATCH = YES;
				CODE_SIGN_IDENTITY = "iPhone Developer";
				COPY_PHASE_STRIP = NO;
				DEBUG_INFORMATION_FORMAT = dwarf;
				ENABLE_STRICT_OBJC_MSGSEND = YES;
				ENABLE_TESTABILITY = YES;
				GCC_C_LANGUAGE_STANDARD = gnu11;
				GCC_DYNAMIC_NO_PIC = NO;
				GCC_NO_COMMON_BLOCKS = YES;
				GCC_OPTIMIZATION_LEVEL = 0;
				GCC_PREPROCESSOR_DEFINITIONS = (
					"DEBUG=1",
					"$(inherited)",
				);
				GCC_WARN_64_TO_32_BIT_CONVERSION = YES;
				GCC_WARN_ABOUT_RETURN_TYPE = YES_ERROR;
				GCC_WARN_UNDECLARED_SELECTOR = YES;
				GCC_WARN_UNINITIALIZED_AUTOS = YES_AGGRESSIVE;
				GCC_WARN_UNUSED_FUNCTION = YES;
				GCC_WARN_UNUSED_VARIABLE = YES;
				IPHONEOS_DEPLOYMENT_TARGET = 12.2;
				MTL_ENABLE_DEBUG_INFO = INCLUDE_SOURCE;
				MTL_FAST_MATH = YES;
				ONLY_ACTIVE_ARCH = YES;
				SDKROOT = iphoneos;
				SWIFT_ACTIVE_COMPILATION_CONDITIONS = DEBUG;
				SWIFT_OPTIMIZATION_LEVEL = "-Onone";
			};
			name = Debug;
		};
		8088BF3D227ECA1700E4FF5A /* Release */ = {
			isa = XCBuildConfiguration;
			buildSettings = {
				ALWAYS_SEARCH_USER_PATHS = NO;
				CLANG_ANALYZER_NONNULL = YES;
				CLANG_ANALYZER_NUMBER_OBJECT_CONVERSION = YES_AGGRESSIVE;
				CLANG_CXX_LANGUAGE_STANDARD = "gnu++14";
				CLANG_CXX_LIBRARY = "libc++";
				CLANG_ENABLE_MODULES = YES;
				CLANG_ENABLE_OBJC_ARC = YES;
				CLANG_ENABLE_OBJC_WEAK = YES;
				CLANG_WARN_BLOCK_CAPTURE_AUTORELEASING = YES;
				CLANG_WARN_BOOL_CONVERSION = YES;
				CLANG_WARN_COMMA = YES;
				CLANG_WARN_CONSTANT_CONVERSION = YES;
				CLANG_WARN_DEPRECATED_OBJC_IMPLEMENTATIONS = YES;
				CLANG_WARN_DIRECT_OBJC_ISA_USAGE = YES_ERROR;
				CLANG_WARN_DOCUMENTATION_COMMENTS = YES;
				CLANG_WARN_EMPTY_BODY = YES;
				CLANG_WARN_ENUM_CONVERSION = YES;
				CLANG_WARN_INFINITE_RECURSION = YES;
				CLANG_WARN_INT_CONVERSION = YES;
				CLANG_WARN_NON_LITERAL_NULL_CONVERSION = YES;
				CLANG_WARN_OBJC_IMPLICIT_RETAIN_SELF = YES;
				CLANG_WARN_OBJC_LITERAL_CONVERSION = YES;
				CLANG_WARN_OBJC_ROOT_CLASS = YES_ERROR;
				CLANG_WARN_RANGE_LOOP_ANALYSIS = YES;
				CLANG_WARN_STRICT_PROTOTYPES = YES;
				CLANG_WARN_SUSPICIOUS_MOVE = YES;
				CLANG_WARN_UNGUARDED_AVAILABILITY = YES_AGGRESSIVE;
				CLANG_WARN_UNREACHABLE_CODE = YES;
				CLANG_WARN__DUPLICATE_METHOD_MATCH = YES;
				CODE_SIGN_IDENTITY = "iPhone Developer";
				COPY_PHASE_STRIP = NO;
				DEBUG_INFORMATION_FORMAT = "dwarf-with-dsym";
				ENABLE_NS_ASSERTIONS = NO;
				ENABLE_STRICT_OBJC_MSGSEND = YES;
				GCC_C_LANGUAGE_STANDARD = gnu11;
				GCC_NO_COMMON_BLOCKS = YES;
				GCC_WARN_64_TO_32_BIT_CONVERSION = YES;
				GCC_WARN_ABOUT_RETURN_TYPE = YES_ERROR;
				GCC_WARN_UNDECLARED_SELECTOR = YES;
				GCC_WARN_UNINITIALIZED_AUTOS = YES_AGGRESSIVE;
				GCC_WARN_UNUSED_FUNCTION = YES;
				GCC_WARN_UNUSED_VARIABLE = YES;
				IPHONEOS_DEPLOYMENT_TARGET = 12.2;
				MTL_ENABLE_DEBUG_INFO = NO;
				MTL_FAST_MATH = YES;
				SDKROOT = iphoneos;
				SWIFT_COMPILATION_MODE = wholemodule;
				SWIFT_OPTIMIZATION_LEVEL = "-O";
				VALIDATE_PRODUCT = YES;
			};
			name = Release;
		};
		8088BF3F227ECA1700E4FF5A /* Debug */ = {
			isa = XCBuildConfiguration;
			buildSettings = {
				ALWAYS_EMBED_SWIFT_STANDARD_LIBRARIES = YES;
				ASSETCATALOG_COMPILER_APPICON_NAME = AppIcon;
				CODE_SIGN_ENTITLEMENTS = iOS12/iOS12.entitlements;
				CODE_SIGN_STYLE = Automatic;
				DEVELOPMENT_TEAM = GLWCRSS83U;
				INFOPLIST_FILE = iOS12/Info.plist;
				IPHONEOS_DEPLOYMENT_TARGET = 12.0;
				LD_RUNPATH_SEARCH_PATHS = (
					"$(inherited)",
					"@executable_path/Frameworks",
				);
				PRODUCT_BUNDLE_IDENTIFIER = com.ubtechinc.iOS12;
				PRODUCT_NAME = "$(TARGET_NAME)";
				SWIFT_VERSION = 5.0;
				TARGETED_DEVICE_FAMILY = "1,2";
			};
			name = Debug;
		};
		8088BF40227ECA1700E4FF5A /* Release */ = {
			isa = XCBuildConfiguration;
			buildSettings = {
				ALWAYS_EMBED_SWIFT_STANDARD_LIBRARIES = YES;
				ASSETCATALOG_COMPILER_APPICON_NAME = AppIcon;
				CODE_SIGN_ENTITLEMENTS = iOS12/iOS12.entitlements;
				CODE_SIGN_STYLE = Automatic;
				DEVELOPMENT_TEAM = GLWCRSS83U;
				INFOPLIST_FILE = iOS12/Info.plist;
				IPHONEOS_DEPLOYMENT_TARGET = 12.0;
				LD_RUNPATH_SEARCH_PATHS = (
					"$(inherited)",
					"@executable_path/Frameworks",
				);
				PRODUCT_BUNDLE_IDENTIFIER = com.ubtechinc.iOS12;
				PRODUCT_NAME = "$(TARGET_NAME)";
				SWIFT_VERSION = 5.0;
				TARGETED_DEVICE_FAMILY = "1,2";
			};
			name = Release;
		};
		8088BF42227ECA1700E4FF5A /* Debug */ = {
			isa = XCBuildConfiguration;
			buildSettings = {
				ALWAYS_EMBED_SWIFT_STANDARD_LIBRARIES = YES;
				BUNDLE_LOADER = "$(TEST_HOST)";
				CODE_SIGN_STYLE = Automatic;
				DEVELOPMENT_TEAM = VR2SEUVSU3;
				INFOPLIST_FILE = iOS12Tests/Info.plist;
				LD_RUNPATH_SEARCH_PATHS = (
					"$(inherited)",
					"@executable_path/Frameworks",
					"@loader_path/Frameworks",
				);
				PRODUCT_BUNDLE_IDENTIFIER = com.cxy.iOS12Tests;
				PRODUCT_NAME = "$(TARGET_NAME)";
				SWIFT_VERSION = 5.0;
				TARGETED_DEVICE_FAMILY = "1,2";
				TEST_HOST = "$(BUILT_PRODUCTS_DIR)/iOS12.app/iOS12";
			};
			name = Debug;
		};
		8088BF43227ECA1700E4FF5A /* Release */ = {
			isa = XCBuildConfiguration;
			buildSettings = {
				ALWAYS_EMBED_SWIFT_STANDARD_LIBRARIES = YES;
				BUNDLE_LOADER = "$(TEST_HOST)";
				CODE_SIGN_STYLE = Automatic;
				DEVELOPMENT_TEAM = VR2SEUVSU3;
				INFOPLIST_FILE = iOS12Tests/Info.plist;
				LD_RUNPATH_SEARCH_PATHS = (
					"$(inherited)",
					"@executable_path/Frameworks",
					"@loader_path/Frameworks",
				);
				PRODUCT_BUNDLE_IDENTIFIER = com.cxy.iOS12Tests;
				PRODUCT_NAME = "$(TARGET_NAME)";
				SWIFT_VERSION = 5.0;
				TARGETED_DEVICE_FAMILY = "1,2";
				TEST_HOST = "$(BUILT_PRODUCTS_DIR)/iOS12.app/iOS12";
			};
			name = Release;
		};
		8088BF45227ECA1700E4FF5A /* Debug */ = {
			isa = XCBuildConfiguration;
			buildSettings = {
				ALWAYS_EMBED_SWIFT_STANDARD_LIBRARIES = YES;
				CODE_SIGN_STYLE = Automatic;
				DEVELOPMENT_TEAM = VR2SEUVSU3;
				INFOPLIST_FILE = iOS12UITests/Info.plist;
				LD_RUNPATH_SEARCH_PATHS = (
					"$(inherited)",
					"@executable_path/Frameworks",
					"@loader_path/Frameworks",
				);
				PRODUCT_BUNDLE_IDENTIFIER = com.cxy.iOS12UITests;
				PRODUCT_NAME = "$(TARGET_NAME)";
				SWIFT_VERSION = 5.0;
				TARGETED_DEVICE_FAMILY = "1,2";
				TEST_TARGET_NAME = iOS12;
			};
			name = Debug;
		};
		8088BF46227ECA1700E4FF5A /* Release */ = {
			isa = XCBuildConfiguration;
			buildSettings = {
				ALWAYS_EMBED_SWIFT_STANDARD_LIBRARIES = YES;
				CODE_SIGN_STYLE = Automatic;
				DEVELOPMENT_TEAM = VR2SEUVSU3;
				INFOPLIST_FILE = iOS12UITests/Info.plist;
				LD_RUNPATH_SEARCH_PATHS = (
					"$(inherited)",
					"@executable_path/Frameworks",
					"@loader_path/Frameworks",
				);
				PRODUCT_BUNDLE_IDENTIFIER = com.cxy.iOS12UITests;
				PRODUCT_NAME = "$(TARGET_NAME)";
				SWIFT_VERSION = 5.0;
				TARGETED_DEVICE_FAMILY = "1,2";
				TEST_TARGET_NAME = iOS12;
			};
			name = Release;
		};
/* End XCBuildConfiguration section */

/* Begin XCConfigurationList section */
		8005C141228996E40071A344 /* Build configuration list for PBXNativeTarget "SoupUI" */ = {
			isa = XCConfigurationList;
			buildConfigurations = (
				8005C142228996E40071A344 /* Debug */,
				8005C143228996E40071A344 /* Release */,
			);
			defaultConfigurationIsVisible = 0;
			defaultConfigurationName = Release;
		};
		8005C144228996E40071A344 /* Build configuration list for PBXNativeTarget "Soup" */ = {
			isa = XCConfigurationList;
			buildConfigurations = (
				8005C145228996E40071A344 /* Debug */,
				8005C146228996E40071A344 /* Release */,
			);
			defaultConfigurationIsVisible = 0;
			defaultConfigurationName = Release;
		};
		80186DA2227F0A4F00B27198 /* Build configuration list for PBXNativeTarget "NotificationContentExtension" */ = {
			isa = XCConfigurationList;
			buildConfigurations = (
				80186DA0227F0A4F00B27198 /* Debug */,
				80186DA1227F0A4F00B27198 /* Release */,
			);
			defaultConfigurationIsVisible = 0;
			defaultConfigurationName = Release;
		};
		8088BF11227ECA1600E4FF5A /* Build configuration list for PBXProject "iOS12" */ = {
			isa = XCConfigurationList;
			buildConfigurations = (
				8088BF3C227ECA1700E4FF5A /* Debug */,
				8088BF3D227ECA1700E4FF5A /* Release */,
			);
			defaultConfigurationIsVisible = 0;
			defaultConfigurationName = Release;
		};
		8088BF3E227ECA1700E4FF5A /* Build configuration list for PBXNativeTarget "iOS12" */ = {
			isa = XCConfigurationList;
			buildConfigurations = (
				8088BF3F227ECA1700E4FF5A /* Debug */,
				8088BF40227ECA1700E4FF5A /* Release */,
			);
			defaultConfigurationIsVisible = 0;
			defaultConfigurationName = Release;
		};
		8088BF41227ECA1700E4FF5A /* Build configuration list for PBXNativeTarget "iOS12Tests" */ = {
			isa = XCConfigurationList;
			buildConfigurations = (
				8088BF42227ECA1700E4FF5A /* Debug */,
				8088BF43227ECA1700E4FF5A /* Release */,
			);
			defaultConfigurationIsVisible = 0;
			defaultConfigurationName = Release;
		};
		8088BF44227ECA1700E4FF5A /* Build configuration list for PBXNativeTarget "iOS12UITests" */ = {
			isa = XCConfigurationList;
			buildConfigurations = (
				8088BF45227ECA1700E4FF5A /* Debug */,
				8088BF46227ECA1700E4FF5A /* Release */,
			);
			defaultConfigurationIsVisible = 0;
			defaultConfigurationName = Release;
		};
/* End XCConfigurationList section */
	};
	rootObject = 8088BF0E227ECA1600E4FF5A /* Project object */;
}
